
Microsoft Visual Studio Solution File, Format Version 12.00
# Visual Studio 15
VisualStudioVersion = 15.0.28307.168
MinimumVisualStudioVersion = 10.0.40219.1
Project("{FAE04EC0-301F-11D3-BF4B-00C04F79EFBC}") = "GifOnBackGround", "WpfApp1\GifOnBackGround.csproj", "{5B9D5431-CC5E-4F43-B2EF-26E9657015BF}"
EndProject
Global
	GlobalSection(SolutionConfigurationPlatforms) = preSolution
		Debug|Any CPU = Debug|Any CPU
		Release|Any CPU = Release|Any CPU
	EndGlobalSection
	GlobalSection(ProjectConfigurationPlatforms) = postSolution
		{5B9D5431-CC5E-4F43-B2EF-26E9657015BF}.Debug|Any CPU.ActiveCfg = Debug|Any CPU
		{5B9D5431-CC5E-4F43-B2EF-26E9657015BF}.Debug|Any CPU.Build.0 = Debug|Any CPU
		{5B9D5431-CC5E-4F43-B2EF-26E9657015BF}.Release|Any CPU.ActiveCfg = Release|Any CPU
		{5B9D5431-CC5E-4F43-B2EF-26E9657015BF}.Release|Any CPU.Build.0 = Release|Any CPU
	EndGlobalSection
	GlobalSection(SolutionProperties) = preSolution
		HideSolutionNode = FALSE
	EndGlobalSection
	GlobalSection(ExtensibilityGlobals) = postSolution
		SolutionGuid = {6CC05966-D494-4044-82DD-2E6E6E16E5F3}
	EndGlobalSection
EndGlobal
